
Microsoft Visual Studio Solution File, Format Version 12.00
# Visual Studio Version 16
VisualStudioVersion = 16.0.31515.178
MinimumVisualStudioVersion = 10.0.40219.1
Project("{9A19103F-16F7-4668-BE54-9A1E7A4F7556}") = "SpeedRunningLeaderboards", "SpeedRunningLeaderboards\SpeedRunningLeaderboards.csproj", "{730724EA-2D8A-4631-B0F8-3AADAB72CED3}"
EndProject
Project("{9A19103F-16F7-4668-BE54-9A1E7A4F7556}") = "SpeedRunningLeaderboardsTests", "SpeedRunningLeaderboardsTests\SpeedRunningLeaderboardsTests.csproj", "{0CFFB230-7400-4BA7-8831-FA8688336475}"
EndProject
Project("{9A19103F-16F7-4668-BE54-9A1E7A4F7556}") = "SpeedRunningLeaderboardsWebApi", "SpeedRunningLeaderboardsWebApi\SpeedRunningLeaderboardsWebApi.csproj", "{9B8A8A64-5DF2-4B70-A435-DF025520DC3F}"
EndProject
Global
	GlobalSection(SolutionConfigurationPlatforms) = preSolution
		Debug|Any CPU = Debug|Any CPU
		Release|Any CPU = Release|Any CPU
	EndGlobalSection
	GlobalSection(ProjectConfigurationPlatforms) = postSolution
		{730724EA-2D8A-4631-B0F8-3AADAB72CED3}.Debug|Any CPU.ActiveCfg = Debug|Any CPU
		{730724EA-2D8A-4631-B0F8-3AADAB72CED3}.Debug|Any CPU.Build.0 = Debug|Any CPU
		{730724EA-2D8A-4631-B0F8-3AADAB72CED3}.Release|Any CPU.ActiveCfg = Release|Any CPU
		{730724EA-2D8A-4631-B0F8-3AADAB72CED3}.Release|Any CPU.Build.0 = Release|Any CPU
		{0CFFB230-7400-4BA7-8831-FA8688336475}.Debug|Any CPU.ActiveCfg = Debug|Any CPU
		{0CFFB230-7400-4BA7-8831-FA8688336475}.Debug|Any CPU.Build.0 = Debug|Any CPU
		{0CFFB230-7400-4BA7-8831-FA8688336475}.Release|Any CPU.ActiveCfg = Release|Any CPU
		{0CFFB230-7400-4BA7-8831-FA8688336475}.Release|Any CPU.Build.0 = Release|Any CPU
		{9B8A8A64-5DF2-4B70-A435-DF025520DC3F}.Debug|Any CPU.ActiveCfg = Debug|Any CPU
		{9B8A8A64-5DF2-4B70-A435-DF025520DC3F}.Debug|Any CPU.Build.0 = Debug|Any CPU
		{9B8A8A64-5DF2-4B70-A435-DF025520DC3F}.Release|Any CPU.ActiveCfg = Release|Any CPU
		{9B8A8A64-5DF2-4B70-A435-DF025520DC3F}.Release|Any CPU.Build.0 = Release|Any CPU
	EndGlobalSection
	GlobalSection(SolutionProperties) = preSolution
		HideSolutionNode = FALSE
	EndGlobalSection
	GlobalSection(ExtensibilityGlobals) = postSolution
		SolutionGuid = {CC66937A-EBE7-497E-81CA-AFD1A03EDC19}
	EndGlobalSection
EndGlobal
